
Microsoft Visual Studio Solution File, Format Version 12.00
# Visual Studio Version 16
VisualStudioVersion = 16.0.31005.135
MinimumVisualStudioVersion = 10.0.40219.1
Project("{FAE04EC0-301F-11D3-BF4B-00C04F79EFBC}") = "ApiCountry", "ApiCountry\ApiCountry.csproj", "{236E2987-5C18-4411-B8AD-61498A4A6D25}"
EndProject
Global
	GlobalSection(SolutionConfigurationPlatforms) = preSolution
		Debug|Any CPU = Debug|Any CPU
		Release|Any CPU = Release|Any CPU
	EndGlobalSection
	GlobalSection(ProjectConfigurationPlatforms) = postSolution
		{236E2987-5C18-4411-B8AD-61498A4A6D25}.Debug|Any CPU.ActiveCfg = Debug|Any CPU
		{236E2987-5C18-4411-B8AD-61498A4A6D25}.Debug|Any CPU.Build.0 = Debug|Any CPU
		{236E2987-5C18-4411-B8AD-61498A4A6D25}.Release|Any CPU.ActiveCfg = Release|Any CPU
		{236E2987-5C18-4411-B8AD-61498A4A6D25}.Release|Any CPU.Build.0 = Release|Any CPU
	EndGlobalSection
	GlobalSection(SolutionProperties) = preSolution
		HideSolutionNode = FALSE
	EndGlobalSection
	GlobalSection(ExtensibilityGlobals) = postSolution
		SolutionGuid = {23D86330-001F-4424-A098-722949A155AD}
	EndGlobalSection
EndGlobal
